# This file is autogenerated, do not edit; changes may be undone by the next 'dep ensure'.


[[projects]]
  branch = "master"
  name = "golang.org/x/crypto"
  packages = [
    "argon2",
    "blake2b"
  ]
  revision = "37a17fe027db43f76fd88b056ddf588563fc8722"

[[projects]]
  branch = "master"
  name = "golang.org/x/sys"
  packages = ["cpu"]
  revision = "c11f84a56e43e20a78cee75a7c034031ecf57d1f"

[solve-meta]
  analyzer-name = "dep"
  analyzer-version = 1
  inputs-digest = "a094402359a9d3cc04fbb8306174372ee8374788f58f3989610609d50581bf68"
  solver-name = "gps-cdcl"
  solver-version = 1
