# This file is autogenerated, do not edit; changes may be undone by the next 'dep ensure'.


[[projects]]
  branch = "master"
  digest = "1:f88491d9b279ea51b3ff337d3f936a168e431a8c45b0e0c12c2b69893b018ea4"
  name = "golang.org/x/crypto"
  packages = [
    "argon2",
    "blake2b",
  ]
  pruneopts = "UT"
  revision = "06a226fb4e3765ef3f48aa2852b401bc7b98e981"

[[projects]]
  branch = "master"
  digest = "1:52b7d226696ffeb8b3aa86b91fc39163a3d349b8e5703a46461e5fa33c3cb6c9"
  name = "golang.org/x/sys"
  packages = ["cpu"]
  pruneopts = "UT"
  revision = "c11f84a56e43e20a78cee75a7c034031ecf57d1f"

[solve-meta]
  analyzer-name = "dep"
  analyzer-version = 1
  input-imports = ["golang.org/x/crypto/argon2"]
  solver-name = "gps-cdcl"
  solver-version = 1
